PODS:
  - Alamofire (4.8.1)
  - RxAlamofire (4.3.0):
    - RxAlamofire/Core (= 4.3.0)
  - RxAlamofire/Core (4.3.0):
    - Alamofire (~> 4.5)
    - RxSwift (~> 4)
  - RxAtomic (4.4.0)
  - RxCocoa (4.4.0):
    - RxSwift (~> 4.0)
  - RxSwift (4.4.0):
    - RxAtomic (~> 4.4)
  - SwiftDate (5.1.0)
  - SwiftLint (0.30.1)
  - TableKit (2.8.1)
  - UIScrollView-InfiniteScroll (1.1.0)

DEPENDENCIES:
  - RxAlamofire
  - RxCocoa
  - RxSwift
  - SwiftDate
  - SwiftLint
  - TableKit
  - UIScrollView-InfiniteScroll

SPEC REPOS:
  https://github.com/cocoapods/specs.git:
    - Alamofire
    - RxAlamofire
    - RxAtomic
    - RxCocoa
    - RxSwift
    - SwiftDate
    - SwiftLint
    - TableKit
    - UIScrollView-InfiniteScroll

SPEC CHECKSUMS:
  Alamofire: 16ce2c353fb72865124ddae8a57c5942388f4f11
  RxAlamofire: 09624d0f2d48ed8b686e4eb4cf68e28cbd2df556
  RxAtomic: eacf60db868c96bfd63320e28619fe29c179656f
  RxCocoa: df63ebf7b9a70d6b4eeea407ed5dd4efc8979749
  RxSwift: 5976ecd04fc2fefd648827c23de5e11157faa973
  SwiftDate: 6329e58969a2de31cea7f1ee1143b247693196e7
  SwiftLint: a54bf1fe12b55c68560eb2a7689dfc81458508f7
  TableKit: 18a0049dea981c1106409bdeebc763ef74d36f02
  UIScrollView-InfiniteScroll: 3ef456bcbe759c19f510a383cff96e6647c98c98

PODFILE CHECKSUM: abec65fc699c906f3429fd91a31217e4263a7e88

COCOAPODS: 1.6.0.rc.1
