PODS:
  - Alamofire (4.7.0)
  - CocoaLumberjack/Default (3.4.1)
  - CocoaLumberjack/Swift (3.4.1):
    - CocoaLumberjack/Default
  - ObjectMapper (3.1.0)
  - RxAlamofire (4.1.0):
    - RxAlamofire/Core (= 4.1.0)
  - RxAlamofire/Core (4.1.0):
    - Alamofire (~> 4.5)
    - RxSwift (~> 4.0)
  - RxCocoa (4.1.2):
    - RxSwift (~> 4.0)
  - RxSwift (4.1.2)
  - SwiftLint (0.25.0)
  - TableKit (2.6.0)
  - UIScrollView-InfiniteScroll (1.0.2)

DEPENDENCIES:
  - CocoaLumberjack/Swift (~> 3.4)
  - ObjectMapper (~> 3.0)
  - RxAlamofire (~> 4.1)
  - RxCocoa (~> 4.1)
  - RxSwift (~> 4.1)
  - SwiftLint (~> 0.25)
  - TableKit (~> 2.6)
  - UIScrollView-InfiniteScroll (~> 1.0.0)

SPEC CHECKSUMS:
  Alamofire: 907e0a98eb68cdb7f9d1f541a563d6ac5dc77b25
  CocoaLumberjack: 2e258a064cacc8eb9a2aca318e24d02a0a7fd56d
  ObjectMapper: 20505058f54e5c3ca69e1d6de9897d152a5369a6
  RxAlamofire: 96a2bff4694a1609bb59c57b53d99ea7a0ddc64a
  RxCocoa: d88ba0f1f6abf040011a9eb4b539324fc426843a
  RxSwift: e49536837d9901277638493ea537394d4b55f570
  SwiftLint: e14651157288e9e01d6e1a71db7014fb5744a8ea
  TableKit: 61880e4c13ac0ba396a308fcb1ae48f6dec8b458
  UIScrollView-InfiniteScroll: c132d6d5851daff229ab4a1060ccf70a05a051c9

PODFILE CHECKSUM: 3adf387a63bf042042b4d0cc87828bef873efd2d

COCOAPODS: 1.4.0
